PODS:
  - CGXPageCollectionViewOC (0.5):
    - CGXPageCollectionViewOC/Base (= 0.5)
    - CGXPageCollectionViewOC/Common (= 0.5)
    - CGXPageCollectionViewOC/General (= 0.5)
    - CGXPageCollectionViewOC/Horizontal (= 0.5)
    - CGXPageCollectionViewOC/IrregularView (= 0.5)
    - CGXPageCollectionViewOC/Tags (= 0.5)
    - CGXPageCollectionViewOC/Water (= 0.5)
  - CGXPageCollectionViewOC/Base (0.5):
    - CGXPageCollectionViewOC/Common
  - CGXPageCollectionViewOC/Common (0.5)
  - CGXPageCollectionViewOC/General (0.5):
    - CGXPageCollectionViewOC/Base
  - CGXPageCollectionViewOC/Horizontal (0.5):
    - CGXPageCollectionViewOC/Base
  - CGXPageCollectionViewOC/IrregularView (0.5):
    - CGXPageCollectionViewOC/Base
  - CGXPageCollectionViewOC/Tags (0.5):
    - CGXPageCollectionViewOC/Base
  - CGXPageCollectionViewOC/Water (0.5):
    - CGXPageCollectionViewOC/Base

DEPENDENCIES:
  - CGXPageCollectionViewOC (from `../`)

EXTERNAL SOURCES:
  CGXPageCollectionViewOC:
    :path: "../"

SPEC CHECKSUMS:
  CGXPageCollectionViewOC: 42c164dd75db9c0b5bfe9c61043e647b811466e6

PODFILE CHECKSUM: d455d4091eb63c3fec398346e809839c2bffbec6

COCOAPODS: 1.10.0.beta.1
