// !$*UTF8*$!
{
	archiveVersion = 1;
	classes = {
	};
	objectVersion = 50;
	objects = {

/* Begin PBXBuildFile section */
		04B42E3024483492006FD2F4 /* AppDelegate.m in Sources */ = {isa = PBXBuildFile; fileRef = 04B42E2F24483492006FD2F4 /* AppDelegate.m */; };
		04B42E3324483492006FD2F4 /* SceneDelegate.m in Sources */ = {isa = PBXBuildFile; fileRef = 04B42E3224483492006FD2F4 /* SceneDelegate.m */; };
		04B42E3624483492006FD2F4 /* ViewController.m in Sources */ = {isa = PBXBuildFile; fileRef = 04B42E3524483492006FD2F4 /* ViewController.m */; };
		04B42E3924483492006FD2F4 /* Main.storyboard in Resources */ = {isa = PBXBuildFile; fileRef = 04B42E3724483492006FD2F4 /* Main.storyboard */; };
		04B42E3B24483494006FD2F4 /* Assets.xcassets in Resources */ = {isa = PBXBuildFile; fileRef = 04B42E3A24483494006FD2F4 /* Assets.xcassets */; };
		04B42E3E24483494006FD2F4 /* LaunchScreen.storyboard in Resources */ = {isa = PBXBuildFile; fileRef = 04B42E3C24483494006FD2F4 /* LaunchScreen.storyboard */; };
		04B42E4124483494006FD2F4 /* main.m in Sources */ = {isa = PBXBuildFile; fileRef = 04B42E4024483494006FD2F4 /* main.m */; };
		9E25AF11249F5C4400343226 /* LICENSE in Resources */ = {isa = PBXBuildFile; fileRef = 9E25AF0E249F5C4400343226 /* LICENSE */; };
		9E25AF12249F5C4400343226 /* CGXPageCollectionViewOC.podspec in Resources */ = {isa = PBXBuildFile; fileRef = 9E25AF0F249F5C4400343226 /* CGXPageCollectionViewOC.podspec */; };
		9E25AF13249F5C4400343226 /* README.md in Resources */ = {isa = PBXBuildFile; fileRef = 9E25AF10249F5C4400343226 /* README.md */; };
		9E25AF24249F5C8D00343226 /* TagsViewController.m in Sources */ = {isa = PBXBuildFile; fileRef = 9E25AF14249F5C8B00343226 /* TagsViewController.m */; };
		9E25AF25249F5C8D00343226 /* HeaderReusableView.m in Sources */ = {isa = PBXBuildFile; fileRef = 9E25AF17249F5C8C00343226 /* HeaderReusableView.m */; };
		9E25AF26249F5C8D00343226 /* HeaderRoundReusableView.m in Sources */ = {isa = PBXBuildFile; fileRef = 9E25AF18249F5C8C00343226 /* HeaderRoundReusableView.m */; };
		9E25AF27249F5C8D00343226 /* IrregularViewController.m in Sources */ = {isa = PBXBuildFile; fileRef = 9E25AF1A249F5C8C00343226 /* IrregularViewController.m */; };
		9E25AF28249F5C8D00343226 /* FooterReusableView.m in Sources */ = {isa = PBXBuildFile; fileRef = 9E25AF1C249F5C8C00343226 /* FooterReusableView.m */; };
		9E25AF29249F5C8D00343226 /* FooterRoundReusableView.m in Sources */ = {isa = PBXBuildFile; fileRef = 9E25AF1D249F5C8C00343226 /* FooterRoundReusableView.m */; };
		9E25AF2A249F5C8D00343226 /* GeneralViewController.m in Sources */ = {isa = PBXBuildFile; fileRef = 9E25AF1E249F5C8C00343226 /* GeneralViewController.m */; };
		9E25AF2B249F5C8D00343226 /* WaterViewController.m in Sources */ = {isa = PBXBuildFile; fileRef = 9E25AF21249F5C8D00343226 /* WaterViewController.m */; };
		9E25AF40249F65A100343226 /* CGXPageCollectionBaseCell.m in Sources */ = {isa = PBXBuildFile; fileRef = 9E25AF2F249F65A100343226 /* CGXPageCollectionBaseCell.m */; };
		9E25AF41249F65A100343226 /* CGXPageCollectionTextCell.m in Sources */ = {isa = PBXBuildFile; fileRef = 9E25AF31249F65A100343226 /* CGXPageCollectionTextCell.m */; };
		9E25AF42249F65A100343226 /* CGXPageCollectionSearchCell.m in Sources */ = {isa = PBXBuildFile; fileRef = 9E25AF36249F65A100343226 /* CGXPageCollectionSearchCell.m */; };
		9E25AF43249F65A100343226 /* CGXPageCollectionImageCell.m in Sources */ = {isa = PBXBuildFile; fileRef = 9E25AF37249F65A100343226 /* CGXPageCollectionImageCell.m */; };
		9E25AF44249F65A100343226 /* CGXPageCollectionCategoryCell.m in Sources */ = {isa = PBXBuildFile; fileRef = 9E25AF38249F65A100343226 /* CGXPageCollectionCategoryCell.m */; };
		9E25AF45249F65A100343226 /* CGXPageCollectionBaseReusableImageView.m in Sources */ = {isa = PBXBuildFile; fileRef = 9E25AF3B249F65A100343226 /* CGXPageCollectionBaseReusableImageView.m */; };
		9E25AF46249F65A100343226 /* CGXPageCollectionBaseReusableTextView.m in Sources */ = {isa = PBXBuildFile; fileRef = 9E25AF3C249F65A100343226 /* CGXPageCollectionBaseReusableTextView.m */; };
		9E25AF47249F65A100343226 /* CGXPageCollectionBaseReusableView.m in Sources */ = {isa = PBXBuildFile; fileRef = 9E25AF3E249F65A100343226 /* CGXPageCollectionBaseReusableView.m */; };
		E4D3990FA781D228A7A8B3FF /* libPods-CGXPageCollectionView-OC.a in Frameworks */ = {isa = PBXBuildFile; fileRef = 29713D7D93AD97DCE561E1A8 /* libPods-CGXPageCollectionView-OC.a */; };
/* End PBXBuildFile section */

/* Begin PBXFileReference section */
		04B42E2B24483492006FD2F4 /* CGXPageCollectionView-OC.app */ = {isa = PBXFileReference; explicitFileType = wrapper.application; includeInIndex = 0; path = "CGXPageCollectionView-OC.app"; sourceTree = BUILT_PRODUCTS_DIR; };
		04B42E2E24483492006FD2F4 /* AppDelegate.h */ = {isa = PBXFileReference; lastKnownFileType = sourcecode.c.h; path = AppDelegate.h; sourceTree = "<group>"; };
		04B42E2F24483492006FD2F4 /* AppDelegate.m */ = {isa = PBXFileReference; lastKnownFileType = sourcecode.c.objc; path = AppDelegate.m; sourceTree = "<group>"; };
		04B42E3124483492006FD2F4 /* SceneDelegate.h */ = {isa = PBXFileReference; lastKnownFileType = sourcecode.c.h; path = SceneDelegate.h; sourceTree = "<group>"; };
		04B42E3224483492006FD2F4 /* SceneDelegate.m */ = {isa = PBXFileReference; lastKnownFileType = sourcecode.c.objc; path = SceneDelegate.m; sourceTree = "<group>"; };
		04B42E3424483492006FD2F4 /* ViewController.h */ = {isa = PBXFileReference; lastKnownFileType = sourcecode.c.h; path = ViewController.h; sourceTree = "<group>"; };
		04B42E3524483492006FD2F4 /* ViewController.m */ = {isa = PBXFileReference; lastKnownFileType = sourcecode.c.objc; path = ViewController.m; sourceTree = "<group>"; };
		04B42E3824483492006FD2F4 /* Base */ = {isa = PBXFileReference; lastKnownFileType = file.storyboard; name = Base; path = Base.lproj/Main.storyboard; sourceTree = "<group>"; };
		04B42E3A24483494006FD2F4 /* Assets.xcassets */ = {isa = PBXFileReference; lastKnownFileType = folder.assetcatalog; path = Assets.xcassets; sourceTree = "<group>"; };
		04B42E3D24483494006FD2F4 /* Base */ = {isa = PBXFileReference; lastKnownFileType = file.storyboard; name = Base; path = Base.lproj/LaunchScreen.storyboard; sourceTree = "<group>"; };
		04B42E3F24483494006FD2F4 /* Info.plist */ = {isa = PBXFileReference; lastKnownFileType = text.plist.xml; path = Info.plist; sourceTree = "<group>"; };
		04B42E4024483494006FD2F4 /* main.m */ = {isa = PBXFileReference; lastKnownFileType = sourcecode.c.objc; path = main.m; sourceTree = "<group>"; };
		29713D7D93AD97DCE561E1A8 /* libPods-CGXPageCollectionView-OC.a */ = {isa = PBXFileReference; explicitFileType = archive.ar; includeInIndex = 0; path = "libPods-CGXPageCollectionView-OC.a"; sourceTree = BUILT_PRODUCTS_DIR; };
		9E25AF0E249F5C4400343226 /* LICENSE */ = {isa = PBXFileReference; fileEncoding = 4; lastKnownFileType = text; name = LICENSE; path = ../../../LICENSE; sourceTree = "<group>"; };
		9E25AF0F249F5C4400343226 /* CGXPageCollectionViewOC.podspec */ = {isa = PBXFileReference; fileEncoding = 4; lastKnownFileType = text; name = CGXPageCollectionViewOC.podspec; path = ../../../CGXPageCollectionViewOC.podspec; sourceTree = "<group>"; };
		9E25AF10249F5C4400343226 /* README.md */ = {isa = PBXFileReference; fileEncoding = 4; lastKnownFileType = net.daringfireball.markdown; name = README.md; path = ../../../README.md; sourceTree = "<group>"; };
		9E25AF14249F5C8B00343226 /* TagsViewController.m */ = {isa = PBXFileReference; fileEncoding = 4; lastKnownFileType = sourcecode.c.objc; path = TagsViewController.m; sourceTree = "<group>"; };
		9E25AF15249F5C8B00343226 /* IrregularViewController.h */ = {isa = PBXFileReference; fileEncoding = 4; lastKnownFileType = sourcecode.c.h; path = IrregularViewController.h; sourceTree = "<group>"; };
		9E25AF16249F5C8B00343226 /* FooterReusableView.h */ = {isa = PBXFileReference; fileEncoding = 4; lastKnownFileType = sourcecode.c.h; path = FooterReusableView.h; sourceTree = "<group>"; };
		9E25AF17249F5C8C00343226 /* HeaderReusableView.m */ = {isa = PBXFileReference; fileEncoding = 4; lastKnownFileType = sourcecode.c.objc; path = HeaderReusableView.m; sourceTree = "<group>"; };
		9E25AF18249F5C8C00343226 /* HeaderRoundReusableView.m */ = {isa = PBXFileReference; fileEncoding = 4; lastKnownFileType = sourcecode.c.objc; path = HeaderRoundReusableView.m; sourceTree = "<group>"; };
		9E25AF19249F5C8C00343226 /* TagsViewController.h */ = {isa = PBXFileReference; fileEncoding = 4; lastKnownFileType = sourcecode.c.h; path = TagsViewController.h; sourceTree = "<group>"; };
		9E25AF1A249F5C8C00343226 /* IrregularViewController.m */ = {isa = PBXFileReference; fileEncoding = 4; lastKnownFileType = sourcecode.c.objc; path = IrregularViewController.m; sourceTree = "<group>"; };
		9E25AF1B249F5C8C00343226 /* GeneralViewController.h */ = {isa = PBXFileReference; fileEncoding = 4; lastKnownFileType = sourcecode.c.h; path = GeneralViewController.h; sourceTree = "<group>"; };
		9E25AF1C249F5C8C00343226 /* FooterReusableView.m */ = {isa = PBXFileReference; fileEncoding = 4; lastKnownFileType = sourcecode.c.objc; path = FooterReusableView.m; sourceTree = "<group>"; };
		9E25AF1D249F5C8C00343226 /* FooterRoundReusableView.m */ = {isa = PBXFileReference; fileEncoding = 4; lastKnownFileType = sourcecode.c.objc; path = FooterRoundReusableView.m; sourceTree = "<group>"; };
		9E25AF1E249F5C8C00343226 /* GeneralViewController.m */ = {isa = PBXFileReference; fileEncoding = 4; lastKnownFileType = sourcecode.c.objc; path = GeneralViewController.m; sourceTree = "<group>"; };
		9E25AF1F249F5C8D00343226 /* HeaderReusableView.h */ = {isa = PBXFileReference; fileEncoding = 4; lastKnownFileType = sourcecode.c.h; path = HeaderReusableView.h; sourceTree = "<group>"; };
		9E25AF20249F5C8D00343226 /* WaterViewController.h */ = {isa = PBXFileReference; fileEncoding = 4; lastKnownFileType = sourcecode.c.h; path = WaterViewController.h; sourceTree = "<group>"; };
		9E25AF21249F5C8D00343226 /* WaterViewController.m */ = {isa = PBXFileReference; fileEncoding = 4; lastKnownFileType = sourcecode.c.objc; path = WaterViewController.m; sourceTree = "<group>"; };
		9E25AF22249F5C8D00343226 /* HeaderRoundReusableView.h */ = {isa = PBXFileReference; fileEncoding = 4; lastKnownFileType = sourcecode.c.h; path = HeaderRoundReusableView.h; sourceTree = "<group>"; };
		9E25AF23249F5C8D00343226 /* FooterRoundReusableView.h */ = {isa = PBXFileReference; fileEncoding = 4; lastKnownFileType = sourcecode.c.h; path = FooterRoundReusableView.h; sourceTree = "<group>"; };
		9E25AF2F249F65A100343226 /* CGXPageCollectionBaseCell.m */ = {isa = PBXFileReference; fileEncoding = 4; lastKnownFileType = sourcecode.c.objc; path = CGXPageCollectionBaseCell.m; sourceTree = "<group>"; };
		9E25AF30249F65A100343226 /* CGXPageCollectionSearchCell.h */ = {isa = PBXFileReference; fileEncoding = 4; lastKnownFileType = sourcecode.c.h; path = CGXPageCollectionSearchCell.h; sourceTree = "<group>"; };
		9E25AF31249F65A100343226 /* CGXPageCollectionTextCell.m */ = {isa = PBXFileReference; fileEncoding = 4; lastKnownFileType = sourcecode.c.objc; path = CGXPageCollectionTextCell.m; sourceTree = "<group>"; };
		9E25AF32249F65A100343226 /* CGXPageCollectionCategoryCell.h */ = {isa = PBXFileReference; fileEncoding = 4; lastKnownFileType = sourcecode.c.h; path = CGXPageCollectionCategoryCell.h; sourceTree = "<group>"; };
		9E25AF33249F65A100343226 /* CGXPageCollectionImageCell.h */ = {isa = PBXFileReference; fileEncoding = 4; lastKnownFileType = sourcecode.c.h; path = CGXPageCollectionImageCell.h; sourceTree = "<group>"; };
		9E25AF34249F65A100343226 /* CGXPageCollectionBaseCell.h */ = {isa = PBXFileReference; fileEncoding = 4; lastKnownFileType = sourcecode.c.h; path = CGXPageCollectionBaseCell.h; sourceTree = "<group>"; };
		9E25AF35249F65A100343226 /* CGXPageCollectionTextCell.h */ = {isa = PBXFileReference; fileEncoding = 4; lastKnownFileType = sourcecode.c.h; path = CGXPageCollectionTextCell.h; sourceTree = "<group>"; };
		9E25AF36249F65A100343226 /* CGXPageCollectionSearchCell.m */ = {isa = PBXFileReference; fileEncoding = 4; lastKnownFileType = sourcecode.c.objc; path = CGXPageCollectionSearchCell.m; sourceTree = "<group>"; };
		9E25AF37249F65A100343226 /* CGXPageCollectionImageCell.m */ = {isa = PBXFileReference; fileEncoding = 4; lastKnownFileType = sourcecode.c.objc; path = CGXPageCollectionImageCell.m; sourceTree = "<group>"; };
		9E25AF38249F65A100343226 /* CGXPageCollectionCategoryCell.m */ = {isa = PBXFileReference; fileEncoding = 4; lastKnownFileType = sourcecode.c.objc; path = CGXPageCollectionCategoryCell.m; sourceTree = "<group>"; };
		9E25AF3A249F65A100343226 /* CGXPageCollectionBaseReusableView.h */ = {isa = PBXFileReference; fileEncoding = 4; lastKnownFileType = sourcecode.c.h; path = CGXPageCollectionBaseReusableView.h; sourceTree = "<group>"; };
		9E25AF3B249F65A100343226 /* CGXPageCollectionBaseReusableImageView.m */ = {isa = PBXFileReference; fileEncoding = 4; lastKnownFileType = sourcecode.c.objc; path = CGXPageCollectionBaseReusableImageView.m; sourceTree = "<group>"; };
		9E25AF3C249F65A100343226 /* CGXPageCollectionBaseReusableTextView.m */ = {isa = PBXFileReference; fileEncoding = 4; lastKnownFileType = sourcecode.c.objc; path = CGXPageCollectionBaseReusableTextView.m; sourceTree = "<group>"; };
		9E25AF3D249F65A100343226 /* CGXPageCollectionBaseReusableImageView.h */ = {isa = PBXFileReference; fileEncoding = 4; lastKnownFileType = sourcecode.c.h; path = CGXPageCollectionBaseReusableImageView.h; sourceTree = "<group>"; };
		9E25AF3E249F65A100343226 /* CGXPageCollectionBaseReusableView.m */ = {isa = PBXFileReference; fileEncoding = 4; lastKnownFileType = sourcecode.c.objc; path = CGXPageCollectionBaseReusableView.m; sourceTree = "<group>"; };
		9E25AF3F249F65A100343226 /* CGXPageCollectionBaseReusableTextView.h */ = {isa = PBXFileReference; fileEncoding = 4; lastKnownFileType = sourcecode.c.h; path = CGXPageCollectionBaseReusableTextView.h; sourceTree = "<group>"; };
		9EB03DA1249A5358008A415F /* PrefixHeader.pch */ = {isa = PBXFileReference; lastKnownFileType = sourcecode.c.h; path = PrefixHeader.pch; sourceTree = "<group>"; };
		C1175978587F0C0AECBD77C3 /* Pods-CGXPageCollectionView-OC.release.xcconfig */ = {isa = PBXFileReference; includeInIndex = 1; lastKnownFileType = text.xcconfig; name = "Pods-CGXPageCollectionView-OC.release.xcconfig"; path = "Target Support Files/Pods-CGXPageCollectionView-OC/Pods-CGXPageCollectionView-OC.release.xcconfig"; sourceTree = "<group>"; };
		CC8A1A425DA64FFE935FFECC /* Pods-CGXPageCollectionView-OC.debug.xcconfig */ = {isa = PBXFileReference; includeInIndex = 1; lastKnownFileType = text.xcconfig; name = "Pods-CGXPageCollectionView-OC.debug.xcconfig"; path = "Target Support Files/Pods-CGXPageCollectionView-OC/Pods-CGXPageCollectionView-OC.debug.xcconfig"; sourceTree = "<group>"; };
/* End PBXFileReference section */

/* Begin PBXFrameworksBuildPhase section */
		04B42E2824483492006FD2F4 /* Frameworks */ = {
			isa = PBXFrameworksBuildPhase;
			buildActionMask = 2147483647;
			files = (
				E4D3990FA781D228A7A8B3FF /* libPods-CGXPageCollectionView-OC.a in Frameworks */,
			);
			runOnlyForDeploymentPostprocessing = 0;
		};
/* End PBXFrameworksBuildPhase section */

/* Begin PBXGroup section */
		04B42E2224483492006FD2F4 = {
			isa = PBXGroup;
			children = (
				04B42E2D24483492006FD2F4 /* CGXPageCollectionView-OC */,
				04B42E2C24483492006FD2F4 /* Products */,
				87C010B0FEF02C89FE731C97 /* Pods */,
				A079A71871A5D68A5F1F9747 /* Frameworks */,
			);
			sourceTree = "<group>";
		};
		04B42E2C24483492006FD2F4 /* Products */ = {
			isa = PBXGroup;
			children = (
				04B42E2B24483492006FD2F4 /* CGXPageCollectionView-OC.app */,
			);
			name = Products;
			sourceTree = "<group>";
		};
		04B42E2D24483492006FD2F4 /* CGXPageCollectionView-OC */ = {
			isa = PBXGroup;
			children = (
				9E25AF0D249F5C2D00343226 /* Podspec Metadata */,
				04B42E2E24483492006FD2F4 /* AppDelegate.h */,
				04B42E2F24483492006FD2F4 /* AppDelegate.m */,
				04B42E3124483492006FD2F4 /* SceneDelegate.h */,
				04B42E3224483492006FD2F4 /* SceneDelegate.m */,
				04B42E3424483492006FD2F4 /* ViewController.h */,
				04B42E3524483492006FD2F4 /* ViewController.m */,
				9E25AF1B249F5C8C00343226 /* GeneralViewController.h */,
				9E25AF1E249F5C8C00343226 /* GeneralViewController.m */,
				9E25AF15249F5C8B00343226 /* IrregularViewController.h */,
				9E25AF1A249F5C8C00343226 /* IrregularViewController.m */,
				9E25AF19249F5C8C00343226 /* TagsViewController.h */,
				9E25AF14249F5C8B00343226 /* TagsViewController.m */,
				9E25AF20249F5C8D00343226 /* WaterViewController.h */,
				9E25AF21249F5C8D00343226 /* WaterViewController.m */,
				9E25AF16249F5C8B00343226 /* FooterReusableView.h */,
				9E25AF1C249F5C8C00343226 /* FooterReusableView.m */,
				9E25AF23249F5C8D00343226 /* FooterRoundReusableView.h */,
				9E25AF1D249F5C8C00343226 /* FooterRoundReusableView.m */,
				9E25AF1F249F5C8D00343226 /* HeaderReusableView.h */,
				9E25AF17249F5C8C00343226 /* HeaderReusableView.m */,
				9E25AF22249F5C8D00343226 /* HeaderRoundReusableView.h */,
				9E25AF18249F5C8C00343226 /* HeaderRoundReusableView.m */,
				9E25AF2E249F65A100343226 /* Cell */,
				9E25AF39249F65A100343226 /* ReusableView */,
				04B42E3724483492006FD2F4 /* Main.storyboard */,
				04B42E3A24483494006FD2F4 /* Assets.xcassets */,
				9EB03DA1249A5358008A415F /* PrefixHeader.pch */,
				04B42E3C24483494006FD2F4 /* LaunchScreen.storyboard */,
				04B42E3F24483494006FD2F4 /* Info.plist */,
				04B42E4024483494006FD2F4 /* main.m */,
			);
			path = "CGXPageCollectionView-OC";
			sourceTree = "<group>";
		};
		87C010B0FEF02C89FE731C97 /* Pods */ = {
			isa = PBXGroup;
			children = (
				CC8A1A425DA64FFE935FFECC /* Pods-CGXPageCollectionView-OC.debug.xcconfig */,
				C1175978587F0C0AECBD77C3 /* Pods-CGXPageCollectionView-OC.release.xcconfig */,
			);
			path = Pods;
			sourceTree = "<group>";
		};
		9E25AF0D249F5C2D00343226 /* Podspec Metadata */ = {
			isa = PBXGroup;
			children = (
				9E25AF0F249F5C4400343226 /* CGXPageCollectionViewOC.podspec */,
				9E25AF0E249F5C4400343226 /* LICENSE */,
				9E25AF10249F5C4400343226 /* README.md */,
			);
			path = "Podspec Metadata";
			sourceTree = "<group>";
		};
		9E25AF2E249F65A100343226 /* Cell */ = {
			isa = PBXGroup;
			children = (
				9E25AF2F249F65A100343226 /* CGXPageCollectionBaseCell.m */,
				9E25AF30249F65A100343226 /* CGXPageCollectionSearchCell.h */,
				9E25AF31249F65A100343226 /* CGXPageCollectionTextCell.m */,
				9E25AF32249F65A100343226 /* CGXPageCollectionCategoryCell.h */,
				9E25AF33249F65A100343226 /* CGXPageCollectionImageCell.h */,
				9E25AF34249F65A100343226 /* CGXPageCollectionBaseCell.h */,
				9E25AF35249F65A100343226 /* CGXPageCollectionTextCell.h */,
				9E25AF36249F65A100343226 /* CGXPageCollectionSearchCell.m */,
				9E25AF37249F65A100343226 /* CGXPageCollectionImageCell.m */,
				9E25AF38249F65A100343226 /* CGXPageCollectionCategoryCell.m */,
			);
			path = Cell;
			sourceTree = "<group>";
		};
		9E25AF39249F65A100343226 /* ReusableView */ = {
			isa = PBXGroup;
			children = (
				9E25AF3A249F65A100343226 /* CGXPageCollectionBaseReusableView.h */,
				9E25AF3B249F65A100343226 /* CGXPageCollectionBaseReusableImageView.m */,
				9E25AF3C249F65A100343226 /* CGXPageCollectionBaseReusableTextView.m */,
				9E25AF3D249F65A100343226 /* CGXPageCollectionBaseReusableImageView.h */,
				9E25AF3E249F65A100343226 /* CGXPageCollectionBaseReusableView.m */,
				9E25AF3F249F65A100343226 /* CGXPageCollectionBaseReusableTextView.h */,
			);
			path = ReusableView;
			sourceTree = "<group>";
		};
		A079A71871A5D68A5F1F9747 /* Frameworks */ = {
			isa = PBXGroup;
			children = (
				29713D7D93AD97DCE561E1A8 /* libPods-CGXPageCollectionView-OC.a */,
			);
			name = Frameworks;
			sourceTree = "<group>";
		};
/* End PBXGroup section */

/* Begin PBXNativeTarget section */
		04B42E2A24483492006FD2F4 /* CGXPageCollectionView-OC */ = {
			isa = PBXNativeTarget;
			buildConfigurationList = 04B42E4424483494006FD2F4 /* Build configuration list for PBXNativeTarget "CGXPageCollectionView-OC" */;
			buildPhases = (
				3BF6E2272EA7C86EC8ECD6CA /* [CP] Check Pods Manifest.lock */,
				04B42E2724483492006FD2F4 /* Sources */,
				04B42E2824483492006FD2F4 /* Frameworks */,
				04B42E2924483492006FD2F4 /* Resources */,
			);
			buildRules = (
			);
			dependencies = (
			);
			name = "CGXPageCollectionView-OC";
			productName = "CGXPageCollectionView-OC";
			productReference = 04B42E2B24483492006FD2F4 /* CGXPageCollectionView-OC.app */;
			productType = "com.apple.product-type.application";
		};
/* End PBXNativeTarget section */

/* Begin PBXProject section */
		04B42E2324483492006FD2F4 /* Project object */ = {
			isa = PBXProject;
			attributes = {
				LastUpgradeCheck = 1140;
				ORGANIZATIONNAME = CGX;
				TargetAttributes = {
					04B42E2A24483492006FD2F4 = {
						CreatedOnToolsVersion = 11.4;
					};
				};
			};
			buildConfigurationList = 04B42E2624483492006FD2F4 /* Build configuration list for PBXProject "CGXPageCollectionView-OC" */;
			compatibilityVersion = "Xcode 9.3";
			developmentRegion = en;
			hasScannedForEncodings = 0;
			knownRegions = (
				en,
				Base,
			);
			mainGroup = 04B42E2224483492006FD2F4;
			productRefGroup = 04B42E2C24483492006FD2F4 /* Products */;
			projectDirPath = "";
			projectRoot = "";
			targets = (
				04B42E2A24483492006FD2F4 /* CGXPageCollectionView-OC */,
			);
		};
/* End PBXProject section */

/* Begin PBXResourcesBuildPhase section */
		04B42E2924483492006FD2F4 /* Resources */ = {
			isa = PBXResourcesBuildPhase;
			buildActionMask = 2147483647;
			files = (
				9E25AF13249F5C4400343226 /* README.md in Resources */,
				04B42E3E24483494006FD2F4 /* LaunchScreen.storyboard in Resources */,
				9E25AF12249F5C4400343226 /* CGXPageCollectionViewOC.podspec in Resources */,
				04B42E3B24483494006FD2F4 /* Assets.xcassets in Resources */,
				9E25AF11249F5C4400343226 /* LICENSE in Resources */,
				04B42E3924483492006FD2F4 /* Main.storyboard in Resources */,
			);
			runOnlyForDeploymentPostprocessing = 0;
		};
/* End PBXResourcesBuildPhase section */

/* Begin PBXShellScriptBuildPhase section */
		3BF6E2272EA7C86EC8ECD6CA /* [CP] Check Pods Manifest.lock */ = {
			isa = PBXShellScriptBuildPhase;
			buildActionMask = 2147483647;
			files = (
			);
			inputFileListPaths = (
			);
			inputPaths = (
				"${PODS_PODFILE_DIR_PATH}/Podfile.lock",
				"${PODS_ROOT}/Manifest.lock",
			);
			name = "[CP] Check Pods Manifest.lock";
			outputFileListPaths = (
			);
			outputPaths = (
				"$(DERIVED_FILE_DIR)/Pods-CGXPageCollectionView-OC-checkManifestLockResult.txt",
			);
			runOnlyForDeploymentPostprocessing = 0;
			shellPath = /bin/sh;
			shellScript = "diff \"${PODS_PODFILE_DIR_PATH}/Podfile.lock\" \"${PODS_ROOT}/Manifest.lock\" > /dev/null\nif [ $? != 0 ] ; then\n    # print error to STDERR\n    echo \"error: The sandbox is not in sync with the Podfile.lock. Run 'pod install' or update your CocoaPods installation.\" >&2\n    exit 1\nfi\n# This output is used by Xcode 'outputs' to avoid re-running this script phase.\necho \"SUCCESS\" > \"${SCRIPT_OUTPUT_FILE_0}\"\n";
			showEnvVarsInLog = 0;
		};
/* End PBXShellScriptBuildPhase section */

/* Begin PBXSourcesBuildPhase section */
		04B42E2724483492006FD2F4 /* Sources */ = {
			isa = PBXSourcesBuildPhase;
			buildActionMask = 2147483647;
			files = (
				9E25AF27249F5C8D00343226 /* IrregularViewController.m in Sources */,
				9E25AF42249F65A100343226 /* CGXPageCollectionSearchCell.m in Sources */,
				9E25AF47249F65A100343226 /* CGXPageCollectionBaseReusableView.m in Sources */,
				9E25AF45249F65A100343226 /* CGXPageCollectionBaseReusableImageView.m in Sources */,
				9E25AF40249F65A100343226 /* CGXPageCollectionBaseCell.m in Sources */,
				9E25AF41249F65A100343226 /* CGXPageCollectionTextCell.m in Sources */,
				9E25AF29249F5C8D00343226 /* FooterRoundReusableView.m in Sources */,
				9E25AF46249F65A100343226 /* CGXPageCollectionBaseReusableTextView.m in Sources */,
				9E25AF44249F65A100343226 /* CGXPageCollectionCategoryCell.m in Sources */,
				9E25AF43249F65A100343226 /* CGXPageCollectionImageCell.m in Sources */,
				9E25AF25249F5C8D00343226 /* HeaderReusableView.m in Sources */,
				9E25AF28249F5C8D00343226 /* FooterReusableView.m in Sources */,
				9E25AF26249F5C8D00343226 /* HeaderRoundReusableView.m in Sources */,
				04B42E3624483492006FD2F4 /* ViewController.m in Sources */,
				9E25AF2B249F5C8D00343226 /* WaterViewController.m in Sources */,
				9E25AF24249F5C8D00343226 /* TagsViewController.m in Sources */,
				04B42E3024483492006FD2F4 /* AppDelegate.m in Sources */,
				04B42E4124483494006FD2F4 /* main.m in Sources */,
				9E25AF2A249F5C8D00343226 /* GeneralViewController.m in Sources */,
				04B42E3324483492006FD2F4 /* SceneDelegate.m in Sources */,
			);
			runOnlyForDeploymentPostprocessing = 0;
		};
/* End PBXSourcesBuildPhase section */

/* Begin PBXVariantGroup section */
		04B42E3724483492006FD2F4 /* Main.storyboard */ = {
			isa = PBXVariantGroup;
			children = (
				04B42E3824483492006FD2F4 /* Base */,
			);
			name = Main.storyboard;
			sourceTree = "<group>";
		};
		04B42E3C24483494006FD2F4 /* LaunchScreen.storyboard */ = {
			isa = PBXVariantGroup;
			children = (
				04B42E3D24483494006FD2F4 /* Base */,
			);
			name = LaunchScreen.storyboard;
			sourceTree = "<group>";
		};
/* End PBXVariantGroup section */

/* Begin XCBuildConfiguration section */
		04B42E4224483494006FD2F4 /* Debug */ = {
			isa = XCBuildConfiguration;
			buildSettings = {
				ALWAYS_SEARCH_USER_PATHS = NO;
				CLANG_ANALYZER_NONNULL = YES;
				CLANG_ANALYZER_NUMBER_OBJECT_CONVERSION = YES_AGGRESSIVE;
				CLANG_CXX_LANGUAGE_STANDARD = "gnu++14";
				CLANG_CXX_LIBRARY = "libc++";
				CLANG_ENABLE_MODULES = YES;
				CLANG_ENABLE_OBJC_ARC = YES;
				CLANG_ENABLE_OBJC_WEAK = YES;
				CLANG_WARN_BLOCK_CAPTURE_AUTORELEASING = YES;
				CLANG_WARN_BOOL_CONVERSION = YES;
				CLANG_WARN_COMMA = YES;
				CLANG_WARN_CONSTANT_CONVERSION = YES;
				CLANG_WARN_DEPRECATED_OBJC_IMPLEMENTATIONS = YES;
				CLANG_WARN_DIRECT_OBJC_ISA_USAGE = YES_ERROR;
				CLANG_WARN_DOCUMENTATION_COMMENTS = YES;
				CLANG_WARN_EMPTY_BODY = YES;
				CLANG_WARN_ENUM_CONVERSION = YES;
				CLANG_WARN_INFINITE_RECURSION = YES;
				CLANG_WARN_INT_CONVERSION = YES;
				CLANG_WARN_NON_LITERAL_NULL_CONVERSION = YES;
				CLANG_WARN_OBJC_IMPLICIT_RETAIN_SELF = YES;
				CLANG_WARN_OBJC_LITERAL_CONVERSION = YES;
				CLANG_WARN_OBJC_ROOT_CLASS = YES_ERROR;
				CLANG_WARN_RANGE_LOOP_ANALYSIS = YES;
				CLANG_WARN_STRICT_PROTOTYPES = YES;
				CLANG_WARN_SUSPICIOUS_MOVE = YES;
				CLANG_WARN_UNGUARDED_AVAILABILITY = YES_AGGRESSIVE;
				CLANG_WARN_UNREACHABLE_CODE = YES;
				CLANG_WARN__DUPLICATE_METHOD_MATCH = YES;
				COPY_PHASE_STRIP = NO;
				DEBUG_INFORMATION_FORMAT = dwarf;
				ENABLE_STRICT_OBJC_MSGSEND = YES;
				ENABLE_TESTABILITY = YES;
				GCC_C_LANGUAGE_STANDARD = gnu11;
				GCC_DYNAMIC_NO_PIC = NO;
				GCC_NO_COMMON_BLOCKS = YES;
				GCC_OPTIMIZATION_LEVEL = 0;
				GCC_PREPROCESSOR_DEFINITIONS = (
					"DEBUG=1",
					"$(inherited)",
				);
				GCC_WARN_64_TO_32_BIT_CONVERSION = YES;
				GCC_WARN_ABOUT_RETURN_TYPE = YES_ERROR;
				GCC_WARN_UNDECLARED_SELECTOR = YES;
				GCC_WARN_UNINITIALIZED_AUTOS = YES_AGGRESSIVE;
				GCC_WARN_UNUSED_FUNCTION = YES;
				GCC_WARN_UNUSED_VARIABLE = YES;
				IPHONEOS_DEPLOYMENT_TARGET = 13.4;
				MTL_ENABLE_DEBUG_INFO = INCLUDE_SOURCE;
				MTL_FAST_MATH = YES;
				ONLY_ACTIVE_ARCH = YES;
				SDKROOT = iphoneos;
			};
			name = Debug;
		};
		04B42E4324483494006FD2F4 /* Release */ = {
			isa = XCBuildConfiguration;
			buildSettings = {
				ALWAYS_SEARCH_USER_PATHS = NO;
				CLANG_ANALYZER_NONNULL = YES;
				CLANG_ANALYZER_NUMBER_OBJECT_CONVERSION = YES_AGGRESSIVE;
				CLANG_CXX_LANGUAGE_STANDARD = "gnu++14";
				CLANG_CXX_LIBRARY = "libc++";
				CLANG_ENABLE_MODULES = YES;
				CLANG_ENABLE_OBJC_ARC = YES;
				CLANG_ENABLE_OBJC_WEAK = YES;
				CLANG_WARN_BLOCK_CAPTURE_AUTORELEASING = YES;
				CLANG_WARN_BOOL_CONVERSION = YES;
				CLANG_WARN_COMMA = YES;
				CLANG_WARN_CONSTANT_CONVERSION = YES;
				CLANG_WARN_DEPRECATED_OBJC_IMPLEMENTATIONS = YES;
				CLANG_WARN_DIRECT_OBJC_ISA_USAGE = YES_ERROR;
				CLANG_WARN_DOCUMENTATION_COMMENTS = YES;
				CLANG_WARN_EMPTY_BODY = YES;
				CLANG_WARN_ENUM_CONVERSION = YES;
				CLANG_WARN_INFINITE_RECURSION = YES;
				CLANG_WARN_INT_CONVERSION = YES;
				CLANG_WARN_NON_LITERAL_NULL_CONVERSION = YES;
				CLANG_WARN_OBJC_IMPLICIT_RETAIN_SELF = YES;
				CLANG_WARN_OBJC_LITERAL_CONVERSION = YES;
				CLANG_WARN_OBJC_ROOT_CLASS = YES_ERROR;
				CLANG_WARN_RANGE_LOOP_ANALYSIS = YES;
				CLANG_WARN_STRICT_PROTOTYPES = YES;
				CLANG_WARN_SUSPICIOUS_MOVE = YES;
				CLANG_WARN_UNGUARDED_AVAILABILITY = YES_AGGRESSIVE;
				CLANG_WARN_UNREACHABLE_CODE = YES;
				CLANG_WARN__DUPLICATE_METHOD_MATCH = YES;
				COPY_PHASE_STRIP = NO;
				DEBUG_INFORMATION_FORMAT = "dwarf-with-dsym";
				ENABLE_NS_ASSERTIONS = NO;
				ENABLE_STRICT_OBJC_MSGSEND = YES;
				GCC_C_LANGUAGE_STANDARD = gnu11;
				GCC_NO_COMMON_BLOCKS = YES;
				GCC_WARN_64_TO_32_BIT_CONVERSION = YES;
				GCC_WARN_ABOUT_RETURN_TYPE = YES_ERROR;
				GCC_WARN_UNDECLARED_SELECTOR = YES;
				GCC_WARN_UNINITIALIZED_AUTOS = YES_AGGRESSIVE;
				GCC_WARN_UNUSED_FUNCTION = YES;
				GCC_WARN_UNUSED_VARIABLE = YES;
				IPHONEOS_DEPLOYMENT_TARGET = 13.4;
				MTL_ENABLE_DEBUG_INFO = NO;
				MTL_FAST_MATH = YES;
				SDKROOT = iphoneos;
				VALIDATE_PRODUCT = YES;
			};
			name = Release;
		};
		04B42E4524483494006FD2F4 /* Debug */ = {
			isa = XCBuildConfiguration;
			baseConfigurationReference = CC8A1A425DA64FFE935FFECC /* Pods-CGXPageCollectionView-OC.debug.xcconfig */;
			buildSettings = {
				ASSETCATALOG_COMPILER_APPICON_NAME = AppIcon;
				CODE_SIGN_IDENTITY = "Apple Development";
				CODE_SIGN_STYLE = Automatic;
				DEVELOPMENT_TEAM = AA9R26989C;
				GCC_PRECOMPILE_PREFIX_HEADER = YES;
				GCC_PREFIX_HEADER = "$(SRCROOT)/CGXPageCollectionView-OC/PrefixHeader.pch";
				INFOPLIST_FILE = "CGXPageCollectionView-OC/Info.plist";
				LD_RUNPATH_SEARCH_PATHS = (
					"$(inherited)",
					"@executable_path/Frameworks",
				);
				PRODUCT_BUNDLE_IDENTIFIER = CGX.CGXPageCollectionViewOC;
				PRODUCT_NAME = "$(TARGET_NAME)";
				PROVISIONING_PROFILE_SPECIFIER = "";
				TARGETED_DEVICE_FAMILY = 1;
			};
			name = Debug;
		};
		04B42E4624483494006FD2F4 /* Release */ = {
			isa = XCBuildConfiguration;
			baseConfigurationReference = C1175978587F0C0AECBD77C3 /* Pods-CGXPageCollectionView-OC.release.xcconfig */;
			buildSettings = {
				ASSETCATALOG_COMPILER_APPICON_NAME = AppIcon;
				CODE_SIGN_IDENTITY = "Apple Development";
				CODE_SIGN_STYLE = Automatic;
				DEVELOPMENT_TEAM = AA9R26989C;
				GCC_PRECOMPILE_PREFIX_HEADER = YES;
				GCC_PREFIX_HEADER = "$(SRCROOT)/CGXPageCollectionView-OC/PrefixHeader.pch";
				INFOPLIST_FILE = "CGXPageCollectionView-OC/Info.plist";
				LD_RUNPATH_SEARCH_PATHS = (
					"$(inherited)",
					"@executable_path/Frameworks",
				);
				PRODUCT_BUNDLE_IDENTIFIER = CGX.CGXPageCollectionViewOC;
				PRODUCT_NAME = "$(TARGET_NAME)";
				PROVISIONING_PROFILE_SPECIFIER = "";
				TARGETED_DEVICE_FAMILY = 1;
			};
			name = Release;
		};
/* End XCBuildConfiguration section */

/* Begin XCConfigurationList section */
		04B42E2624483492006FD2F4 /* Build configuration list for PBXProject "CGXPageCollectionView-OC" */ = {
			isa = XCConfigurationList;
			buildConfigurations = (
				04B42E4224483494006FD2F4 /* Debug */,
				04B42E4324483494006FD2F4 /* Release */,
			);
			defaultConfigurationIsVisible = 0;
			defaultConfigurationName = Release;
		};
		04B42E4424483494006FD2F4 /* Build configuration list for PBXNativeTarget "CGXPageCollectionView-OC" */ = {
			isa = XCConfigurationList;
			buildConfigurations = (
				04B42E4524483494006FD2F4 /* Debug */,
				04B42E4624483494006FD2F4 /* Release */,
			);
			defaultConfigurationIsVisible = 0;
			defaultConfigurationName = Release;
		};
/* End XCConfigurationList section */
	};
	rootObject = 04B42E2324483492006FD2F4 /* Project object */;
}
